
Microsoft Visual Studio Solution File, Format Version 12.00
# Visual Studio 15
VisualStudioVersion = 15.0.28010.2016
MinimumVisualStudioVersion = 10.0.40219.1
Project("{8BC9CEB8-8B4A-11D0-8D11-00A0C91BC942}") = "String Excercise", "String Excercise.vcxproj", "{C6345D99-8AD7-4305-8C05-ECDC5F1F4AF8}"
EndProject
Global
	GlobalSection(SolutionConfigurationPlatforms) = preSolution
		Debug|x64 = Debug|x64
		Debug|x86 = Debug|x86
		Release|x64 = Release|x64
		Release|x86 = Release|x86
	EndGlobalSection
	GlobalSection(ProjectConfigurationPlatforms) = postSolution
		{C6345D99-8AD7-4305-8C05-ECDC5F1F4AF8}.Debug|x64.ActiveCfg = Debug|x64
		{C6345D99-8AD7-4305-8C05-ECDC5F1F4AF8}.Debug|x64.Build.0 = Debug|x64
		{C6345D99-8AD7-4305-8C05-ECDC5F1F4AF8}.Debug|x86.ActiveCfg = Debug|Win32
		{C6345D99-8AD7-4305-8C05-ECDC5F1F4AF8}.Debug|x86.Build.0 = Debug|Win32
		{C6345D99-8AD7-4305-8C05-ECDC5F1F4AF8}.Release|x64.ActiveCfg = Release|x64
		{C6345D99-8AD7-4305-8C05-ECDC5F1F4AF8}.Release|x64.Build.0 = Release|x64
		{C6345D99-8AD7-4305-8C05-ECDC5F1F4AF8}.Release|x86.ActiveCfg = Release|Win32
		{C6345D99-8AD7-4305-8C05-ECDC5F1F4AF8}.Release|x86.Build.0 = Release|Win32
	EndGlobalSection
	GlobalSection(SolutionProperties) = preSolution
		HideSolutionNode = FALSE
	EndGlobalSection
	GlobalSection(ExtensibilityGlobals) = postSolution
		SolutionGuid = {65308418-3647-4B6F-A68D-EA96FBA0A4EA}
	EndGlobalSection
EndGlobal
